
Microsoft Visual Studio Solution File, Format Version 12.00
# Visual Studio 15
VisualStudioVersion = 15.0.28307.102
MinimumVisualStudioVersion = 10.0.40219.1
Project("{FAE04EC0-301F-11D3-BF4B-00C04F79EFBC}") = "Ecosystem", "Ecosystem\Ecosystem.csproj", "{74755F3C-AB51-432C-B2E8-D4C12DE88274}"
EndProject
Global
	GlobalSection(SolutionConfigurationPlatforms) = preSolution
		Debug|Any CPU = Debug|Any CPU
		Release|Any CPU = Release|Any CPU
	EndGlobalSection
	GlobalSection(ProjectConfigurationPlatforms) = postSolution
		{74755F3C-AB51-432C-B2E8-D4C12DE88274}.Debug|Any CPU.ActiveCfg = Debug|Any CPU
		{74755F3C-AB51-432C-B2E8-D4C12DE88274}.Debug|Any CPU.Build.0 = Debug|Any CPU
		{74755F3C-AB51-432C-B2E8-D4C12DE88274}.Release|Any CPU.ActiveCfg = Release|Any CPU
		{74755F3C-AB51-432C-B2E8-D4C12DE88274}.Release|Any CPU.Build.0 = Release|Any CPU
	EndGlobalSection
	GlobalSection(SolutionProperties) = preSolution
		HideSolutionNode = FALSE
	EndGlobalSection
	GlobalSection(ExtensibilityGlobals) = postSolution
		SolutionGuid = {219B78CD-7265-4D2F-A0B6-C1AF20664B67}
	EndGlobalSection
EndGlobal
